
Microsoft Visual Studio Solution File, Format Version 12.00
# Visual Studio Version 17
VisualStudioVersion = 17.14.36511.14 d17.14
MinimumVisualStudioVersion = 10.0.40219.1
Project("{FAE04EC0-301F-11D3-BF4B-00C04F79EFBC}") = "Tab_2526", "Tab_2526\Tab_2526.csproj", "{436746E5-63E4-492E-8929-2B8B3A619367}"
EndProject
Global
	GlobalSection(SolutionConfigurationPlatforms) = preSolution
		Debug|Any CPU = Debug|Any CPU
		Release|Any CPU = Release|Any CPU
	EndGlobalSection
	GlobalSection(ProjectConfigurationPlatforms) = postSolution
		{436746E5-63E4-492E-8929-2B8B3A619367}.Debug|Any CPU.ActiveCfg = Debug|Any CPU
		{436746E5-63E4-492E-8929-2B8B3A619367}.Debug|Any CPU.Build.0 = Debug|Any CPU
		{436746E5-63E4-492E-8929-2B8B3A619367}.Release|Any CPU.ActiveCfg = Release|Any CPU
		{436746E5-63E4-492E-8929-2B8B3A619367}.Release|Any CPU.Build.0 = Release|Any CPU
	EndGlobalSection
	GlobalSection(SolutionProperties) = preSolution
		HideSolutionNode = FALSE
	EndGlobalSection
	GlobalSection(ExtensibilityGlobals) = postSolution
		SolutionGuid = {1E90098F-DE76-4D04-BA9D-9C39CD3411CB}
	EndGlobalSection
EndGlobal
