
Microsoft Visual Studio Solution File, Format Version 12.00
# Visual Studio Version 17
VisualStudioVersion = 17.14.36511.14 d17.14
MinimumVisualStudioVersion = 10.0.40219.1
Project("{FAE04EC0-301F-11D3-BF4B-00C04F79EFBC}") = "DataGridPersonas25_26", "DataGridPersonas25_26\DataGridPersonas25_26.csproj", "{91EED3F1-8307-48DB-A38A-A6C7FF014010}"
EndProject
Global
	GlobalSection(SolutionConfigurationPlatforms) = preSolution
		Debug|Any CPU = Debug|Any CPU
		Release|Any CPU = Release|Any CPU
	EndGlobalSection
	GlobalSection(ProjectConfigurationPlatforms) = postSolution
		{91EED3F1-8307-48DB-A38A-A6C7FF014010}.Debug|Any CPU.ActiveCfg = Debug|Any CPU
		{91EED3F1-8307-48DB-A38A-A6C7FF014010}.Debug|Any CPU.Build.0 = Debug|Any CPU
		{91EED3F1-8307-48DB-A38A-A6C7FF014010}.Release|Any CPU.ActiveCfg = Release|Any CPU
		{91EED3F1-8307-48DB-A38A-A6C7FF014010}.Release|Any CPU.Build.0 = Release|Any CPU
	EndGlobalSection
	GlobalSection(SolutionProperties) = preSolution
		HideSolutionNode = FALSE
	EndGlobalSection
	GlobalSection(ExtensibilityGlobals) = postSolution
		SolutionGuid = {DC58F97D-044E-4A85-8F90-51493469A319}
	EndGlobalSection
EndGlobal
