
Microsoft Visual Studio Solution File, Format Version 12.00
# Visual Studio Version 17
VisualStudioVersion = 17.14.36511.14 d17.14
MinimumVisualStudioVersion = 10.0.40219.1
Project("{FAE04EC0-301F-11D3-BF4B-00C04F79EFBC}") = "GridTablero", "GridTablero\GridTablero.csproj", "{1EF68524-28F7-4E7B-ACFD-AE924E8E3EB7}"
EndProject
Global
	GlobalSection(SolutionConfigurationPlatforms) = preSolution
		Debug|Any CPU = Debug|Any CPU
		Release|Any CPU = Release|Any CPU
	EndGlobalSection
	GlobalSection(ProjectConfigurationPlatforms) = postSolution
		{1EF68524-28F7-4E7B-ACFD-AE924E8E3EB7}.Debug|Any CPU.ActiveCfg = Debug|Any CPU
		{1EF68524-28F7-4E7B-ACFD-AE924E8E3EB7}.Debug|Any CPU.Build.0 = Debug|Any CPU
		{1EF68524-28F7-4E7B-ACFD-AE924E8E3EB7}.Release|Any CPU.ActiveCfg = Release|Any CPU
		{1EF68524-28F7-4E7B-ACFD-AE924E8E3EB7}.Release|Any CPU.Build.0 = Release|Any CPU
	EndGlobalSection
	GlobalSection(SolutionProperties) = preSolution
		HideSolutionNode = FALSE
	EndGlobalSection
	GlobalSection(ExtensibilityGlobals) = postSolution
		SolutionGuid = {3898615F-D3D2-4E99-8BF2-6853C69FCDC9}
	EndGlobalSection
EndGlobal
