
Microsoft Visual Studio Solution File, Format Version 12.00
# Visual Studio Version 17
VisualStudioVersion = 17.14.36511.14 d17.14
MinimumVisualStudioVersion = 10.0.40219.1
Project("{FAE04EC0-301F-11D3-BF4B-00C04F79EFBC}") = "contenedores", "contenedores\contenedores.csproj", "{EFD0F6EB-F495-42C7-9504-17A17371C8EF}"
EndProject
Global
	GlobalSection(SolutionConfigurationPlatforms) = preSolution
		Debug|Any CPU = Debug|Any CPU
		Release|Any CPU = Release|Any CPU
	EndGlobalSection
	GlobalSection(ProjectConfigurationPlatforms) = postSolution
		{EFD0F6EB-F495-42C7-9504-17A17371C8EF}.Debug|Any CPU.ActiveCfg = Debug|Any CPU
		{EFD0F6EB-F495-42C7-9504-17A17371C8EF}.Debug|Any CPU.Build.0 = Debug|Any CPU
		{EFD0F6EB-F495-42C7-9504-17A17371C8EF}.Release|Any CPU.ActiveCfg = Release|Any CPU
		{EFD0F6EB-F495-42C7-9504-17A17371C8EF}.Release|Any CPU.Build.0 = Release|Any CPU
	EndGlobalSection
	GlobalSection(SolutionProperties) = preSolution
		HideSolutionNode = FALSE
	EndGlobalSection
	GlobalSection(ExtensibilityGlobals) = postSolution
		SolutionGuid = {42C2F292-E79E-4CD7-9F29-95B835C4579E}
	EndGlobalSection
EndGlobal
