
Microsoft Visual Studio Solution File, Format Version 12.00
# Visual Studio Version 17
VisualStudioVersion = 17.14.36511.14 d17.14
MinimumVisualStudioVersion = 10.0.40219.1
Project("{FAE04EC0-301F-11D3-BF4B-00C04F79EFBC}") = "DebugYPuntosDeRuptura", "DebugYPuntosDeRuptura\DebugYPuntosDeRuptura.csproj", "{6AA410A3-7C85-4B25-9DE0-8A30F8FCE01E}"
EndProject
Global
	GlobalSection(SolutionConfigurationPlatforms) = preSolution
		Debug|Any CPU = Debug|Any CPU
		Release|Any CPU = Release|Any CPU
	EndGlobalSection
	GlobalSection(ProjectConfigurationPlatforms) = postSolution
		{6AA410A3-7C85-4B25-9DE0-8A30F8FCE01E}.Debug|Any CPU.ActiveCfg = Debug|Any CPU
		{6AA410A3-7C85-4B25-9DE0-8A30F8FCE01E}.Debug|Any CPU.Build.0 = Debug|Any CPU
		{6AA410A3-7C85-4B25-9DE0-8A30F8FCE01E}.Release|Any CPU.ActiveCfg = Release|Any CPU
		{6AA410A3-7C85-4B25-9DE0-8A30F8FCE01E}.Release|Any CPU.Build.0 = Release|Any CPU
	EndGlobalSection
	GlobalSection(SolutionProperties) = preSolution
		HideSolutionNode = FALSE
	EndGlobalSection
	GlobalSection(ExtensibilityGlobals) = postSolution
		SolutionGuid = {4620E5C2-FDD7-4C23-8FF5-131C9DA5399A}
	EndGlobalSection
EndGlobal
