
Microsoft Visual Studio Solution File, Format Version 12.00
# Visual Studio Version 17
VisualStudioVersion = 17.14.36511.14 d17.14
MinimumVisualStudioVersion = 10.0.40219.1
Project("{FAE04EC0-301F-11D3-BF4B-00C04F79EFBC}") = "Saluda1", "Saluda1\Saluda1.csproj", "{BB4CDF13-7C89-4ADD-AAAF-E21E69B71860}"
EndProject
Global
	GlobalSection(SolutionConfigurationPlatforms) = preSolution
		Debug|Any CPU = Debug|Any CPU
		Release|Any CPU = Release|Any CPU
	EndGlobalSection
	GlobalSection(ProjectConfigurationPlatforms) = postSolution
		{BB4CDF13-7C89-4ADD-AAAF-E21E69B71860}.Debug|Any CPU.ActiveCfg = Debug|Any CPU
		{BB4CDF13-7C89-4ADD-AAAF-E21E69B71860}.Debug|Any CPU.Build.0 = Debug|Any CPU
		{BB4CDF13-7C89-4ADD-AAAF-E21E69B71860}.Release|Any CPU.ActiveCfg = Release|Any CPU
		{BB4CDF13-7C89-4ADD-AAAF-E21E69B71860}.Release|Any CPU.Build.0 = Release|Any CPU
	EndGlobalSection
	GlobalSection(SolutionProperties) = preSolution
		HideSolutionNode = FALSE
	EndGlobalSection
	GlobalSection(ExtensibilityGlobals) = postSolution
		SolutionGuid = {52E176D8-68BC-4C3E-B726-D1A89454759C}
	EndGlobalSection
EndGlobal
