
Microsoft Visual Studio Solution File, Format Version 12.00
# Visual Studio Version 17
VisualStudioVersion = 17.14.36511.14 d17.14
MinimumVisualStudioVersion = 10.0.40219.1
Project("{FAE04EC0-301F-11D3-BF4B-00C04F79EFBC}") = "calculadora", "calculadora\calculadora.csproj", "{DB4746E3-9047-4852-868A-46D6F1E90972}"
EndProject
Global
	GlobalSection(SolutionConfigurationPlatforms) = preSolution
		Debug|Any CPU = Debug|Any CPU
		Release|Any CPU = Release|Any CPU
	EndGlobalSection
	GlobalSection(ProjectConfigurationPlatforms) = postSolution
		{DB4746E3-9047-4852-868A-46D6F1E90972}.Debug|Any CPU.ActiveCfg = Debug|Any CPU
		{DB4746E3-9047-4852-868A-46D6F1E90972}.Debug|Any CPU.Build.0 = Debug|Any CPU
		{DB4746E3-9047-4852-868A-46D6F1E90972}.Release|Any CPU.ActiveCfg = Release|Any CPU
		{DB4746E3-9047-4852-868A-46D6F1E90972}.Release|Any CPU.Build.0 = Release|Any CPU
	EndGlobalSection
	GlobalSection(SolutionProperties) = preSolution
		HideSolutionNode = FALSE
	EndGlobalSection
	GlobalSection(ExtensibilityGlobals) = postSolution
		SolutionGuid = {CB147CD3-A64C-418B-87C5-892862E2A0C0}
	EndGlobalSection
EndGlobal
