
Microsoft Visual Studio Solution File, Format Version 12.00
# Visual Studio Version 17
VisualStudioVersion = 17.14.36511.14 d17.14
MinimumVisualStudioVersion = 10.0.40219.1
Project("{FAE04EC0-301F-11D3-BF4B-00C04F79EFBC}") = "DataBindingEjercicio1", "DataBindingEjercicio1\DataBindingEjercicio1.csproj", "{D8FED5B8-51D3-49DD-8BEA-E7D85DC6B92B}"
EndProject
Global
	GlobalSection(SolutionConfigurationPlatforms) = preSolution
		Debug|Any CPU = Debug|Any CPU
		Release|Any CPU = Release|Any CPU
	EndGlobalSection
	GlobalSection(ProjectConfigurationPlatforms) = postSolution
		{D8FED5B8-51D3-49DD-8BEA-E7D85DC6B92B}.Debug|Any CPU.ActiveCfg = Debug|Any CPU
		{D8FED5B8-51D3-49DD-8BEA-E7D85DC6B92B}.Debug|Any CPU.Build.0 = Debug|Any CPU
		{D8FED5B8-51D3-49DD-8BEA-E7D85DC6B92B}.Release|Any CPU.ActiveCfg = Release|Any CPU
		{D8FED5B8-51D3-49DD-8BEA-E7D85DC6B92B}.Release|Any CPU.Build.0 = Release|Any CPU
	EndGlobalSection
	GlobalSection(SolutionProperties) = preSolution
		HideSolutionNode = FALSE
	EndGlobalSection
	GlobalSection(ExtensibilityGlobals) = postSolution
		SolutionGuid = {DAE22598-F4F0-4A3F-BAE5-37C29E88A81E}
	EndGlobalSection
EndGlobal
