
Microsoft Visual Studio Solution File, Format Version 12.00
# Visual Studio Version 17
VisualStudioVersion = 17.14.36203.30 d17.14
MinimumVisualStudioVersion = 10.0.40219.1
Project("{FAE04EC0-301F-11D3-BF4B-00C04F79EFBC}") = "RepasoExamen2", "RepasoExamen2\RepasoExamen2.csproj", "{B65695FC-163D-4203-99B6-B6CD71DCCC53}"
EndProject
Global
	GlobalSection(SolutionConfigurationPlatforms) = preSolution
		Debug|Any CPU = Debug|Any CPU
		Release|Any CPU = Release|Any CPU
	EndGlobalSection
	GlobalSection(ProjectConfigurationPlatforms) = postSolution
		{B65695FC-163D-4203-99B6-B6CD71DCCC53}.Debug|Any CPU.ActiveCfg = Debug|Any CPU
		{B65695FC-163D-4203-99B6-B6CD71DCCC53}.Debug|Any CPU.Build.0 = Debug|Any CPU
		{B65695FC-163D-4203-99B6-B6CD71DCCC53}.Release|Any CPU.ActiveCfg = Release|Any CPU
		{B65695FC-163D-4203-99B6-B6CD71DCCC53}.Release|Any CPU.Build.0 = Release|Any CPU
	EndGlobalSection
	GlobalSection(SolutionProperties) = preSolution
		HideSolutionNode = FALSE
	EndGlobalSection
	GlobalSection(ExtensibilityGlobals) = postSolution
		SolutionGuid = {D0DA6BB8-7B37-4B45-B086-B0E822FEE9E7}
	EndGlobalSection
EndGlobal
