
Microsoft Visual Studio Solution File, Format Version 12.00
# Visual Studio Version 17
VisualStudioVersion = 17.14.36511.14 d17.14
MinimumVisualStudioVersion = 10.0.40219.1
Project("{FAE04EC0-301F-11D3-BF4B-00C04F79EFBC}") = "Spiderman-ProyectoProgramacion", "Spiderman-ProyectoProgramacion\Spiderman-ProyectoProgramacion.csproj", "{C519813D-1E27-40B2-A551-6F5D930BF2F8}"
EndProject
Global
	GlobalSection(SolutionConfigurationPlatforms) = preSolution
		Debug|Any CPU = Debug|Any CPU
		Release|Any CPU = Release|Any CPU
	EndGlobalSection
	GlobalSection(ProjectConfigurationPlatforms) = postSolution
		{C519813D-1E27-40B2-A551-6F5D930BF2F8}.Debug|Any CPU.ActiveCfg = Debug|Any CPU
		{C519813D-1E27-40B2-A551-6F5D930BF2F8}.Debug|Any CPU.Build.0 = Debug|Any CPU
		{C519813D-1E27-40B2-A551-6F5D930BF2F8}.Release|Any CPU.ActiveCfg = Release|Any CPU
		{C519813D-1E27-40B2-A551-6F5D930BF2F8}.Release|Any CPU.Build.0 = Release|Any CPU
	EndGlobalSection
	GlobalSection(SolutionProperties) = preSolution
		HideSolutionNode = FALSE
	EndGlobalSection
	GlobalSection(ExtensibilityGlobals) = postSolution
		SolutionGuid = {55F1A4DD-2ADE-4470-8121-CDF5D033C02D}
	EndGlobalSection
EndGlobal
